
Microsoft Visual Studio Solution File, Format Version 12.00
# Visual Studio 15
VisualStudioVersion = 15.0.28307.168
MinimumVisualStudioVersion = 10.0.40219.1
Project("{FAE04EC0-301F-11D3-BF4B-00C04F79EFBC}") = "SharedLibrary", "SharedLibrary\SharedLibrary.csproj", "{0BB6E2A8-8868-4453-9C79-FDD473797529}"
EndProject
Global
	GlobalSection(SolutionConfigurationPlatforms) = preSolution
		Debug|Any CPU = Debug|Any CPU
		Release|Any CPU = Release|Any CPU
	EndGlobalSection
	GlobalSection(ProjectConfigurationPlatforms) = postSolution
		{0BB6E2A8-8868-4453-9C79-FDD473797529}.Debug|Any CPU.ActiveCfg = Debug|Any CPU
		{0BB6E2A8-8868-4453-9C79-FDD473797529}.Debug|Any CPU.Build.0 = Debug|Any CPU
		{0BB6E2A8-8868-4453-9C79-FDD473797529}.Release|Any CPU.ActiveCfg = Release|Any CPU
		{0BB6E2A8-8868-4453-9C79-FDD473797529}.Release|Any CPU.Build.0 = Release|Any CPU
	EndGlobalSection
	GlobalSection(SolutionProperties) = preSolution
		HideSolutionNode = FALSE
	EndGlobalSection
	GlobalSection(ExtensibilityGlobals) = postSolution
		SolutionGuid = {48E20177-7FEC-430A-80F1-B8D0ADBE7F0B}
	EndGlobalSection
EndGlobal
