
Microsoft Visual Studio Solution File, Format Version 12.00
# Visual Studio 15
VisualStudioVersion = 15.0.28307.168
MinimumVisualStudioVersion = 10.0.40219.1
Project("{FAE04EC0-301F-11D3-BF4B-00C04F79EFBC}") = "Debugging", "Debugging\Debugging.csproj", "{5E94F3D2-720B-49B1-9119-AE0B5F49DD11}"
EndProject
Global
	GlobalSection(SolutionConfigurationPlatforms) = preSolution
		Debug|Any CPU = Debug|Any CPU
		Release|Any CPU = Release|Any CPU
	EndGlobalSection
	GlobalSection(ProjectConfigurationPlatforms) = postSolution
		{5E94F3D2-720B-49B1-9119-AE0B5F49DD11}.Debug|Any CPU.ActiveCfg = Debug|Any CPU
		{5E94F3D2-720B-49B1-9119-AE0B5F49DD11}.Debug|Any CPU.Build.0 = Debug|Any CPU
		{5E94F3D2-720B-49B1-9119-AE0B5F49DD11}.Release|Any CPU.ActiveCfg = Release|Any CPU
		{5E94F3D2-720B-49B1-9119-AE0B5F49DD11}.Release|Any CPU.Build.0 = Release|Any CPU
	EndGlobalSection
	GlobalSection(SolutionProperties) = preSolution
		HideSolutionNode = FALSE
	EndGlobalSection
	GlobalSection(ExtensibilityGlobals) = postSolution
		SolutionGuid = {DDC3A99F-B790-47CD-8147-D55F521970EB}
	EndGlobalSection
EndGlobal
