
Microsoft Visual Studio Solution File, Format Version 12.00
# Visual Studio 15
VisualStudioVersion = 15.0.28307.168
MinimumVisualStudioVersion = 10.0.40219.1
Project("{9A19103F-16F7-4668-BE54-9A1E7A4F7556}") = "WorkingWithNumbers", "WorkingWithNumbers\WorkingWithNumbers.csproj", "{FCCEE1CF-AE69-4087-91E3-3C536D02FA16}"
EndProject
Project("{9A19103F-16F7-4668-BE54-9A1E7A4F7556}") = "WorkingWithText", "WorkingWithText\WorkingWithText.csproj", "{68FF402A-EEA6-4EA7-AE41-231554CFCB2A}"
EndProject
Project("{9A19103F-16F7-4668-BE54-9A1E7A4F7556}") = "WorkingWithDictionaries", "WorkingWithDictionaries\WorkingWithDictionaries.csproj", "{F37585FF-72B5-4357-BCAB-100576A7B95E}"
EndProject
Project("{9A19103F-16F7-4668-BE54-9A1E7A4F7556}") = "WorkingWithLists", "WorkingWithLists\WorkingWithLists.csproj", "{384F9E73-64E9-4E41-9E33-07B323EC67C3}"
EndProject
Project("{9A19103F-16F7-4668-BE54-9A1E7A4F7556}") = "WorkingWithRegularExpressions", "WorkingWithRegularExpressions\WorkingWithRegularExpressions.csproj", "{CBDBA592-0A00-4DE9-8BB4-9AE95AD08612}"
EndProject
Project("{FAE04EC0-301F-11D3-BF4B-00C04F79EFBC}") = "WorkingWithNetworkResources", "WorkingWithNetworkResources\WorkingWithNetworkResources.csproj", "{62050C04-E090-44D7-8A93-3F854B9D6347}"
EndProject
Project("{FAE04EC0-301F-11D3-BF4B-00C04F79EFBC}") = "WorkingWithReflection", "WorkingWithReflection\WorkingWithReflection.csproj", "{6CBDF3F6-B4BC-49F1-9375-B91AD3A4709B}"
EndProject
Project("{FAE04EC0-301F-11D3-BF4B-00C04F79EFBC}") = "Internationalization", "Internationalization\Internationalization.csproj", "{9E55A110-5DB8-493E-A67C-F9F83A4802DF}"
EndProject
Global
	GlobalSection(SolutionConfigurationPlatforms) = preSolution
		Debug|Any CPU = Debug|Any CPU
		Release|Any CPU = Release|Any CPU
	EndGlobalSection
	GlobalSection(ProjectConfigurationPlatforms) = postSolution
		{FCCEE1CF-AE69-4087-91E3-3C536D02FA16}.Debug|Any CPU.ActiveCfg = Debug|Any CPU
		{FCCEE1CF-AE69-4087-91E3-3C536D02FA16}.Debug|Any CPU.Build.0 = Debug|Any CPU
		{FCCEE1CF-AE69-4087-91E3-3C536D02FA16}.Release|Any CPU.ActiveCfg = Release|Any CPU
		{FCCEE1CF-AE69-4087-91E3-3C536D02FA16}.Release|Any CPU.Build.0 = Release|Any CPU
		{68FF402A-EEA6-4EA7-AE41-231554CFCB2A}.Debug|Any CPU.ActiveCfg = Debug|Any CPU
		{68FF402A-EEA6-4EA7-AE41-231554CFCB2A}.Debug|Any CPU.Build.0 = Debug|Any CPU
		{68FF402A-EEA6-4EA7-AE41-231554CFCB2A}.Release|Any CPU.ActiveCfg = Release|Any CPU
		{68FF402A-EEA6-4EA7-AE41-231554CFCB2A}.Release|Any CPU.Build.0 = Release|Any CPU
		{F37585FF-72B5-4357-BCAB-100576A7B95E}.Debug|Any CPU.ActiveCfg = Debug|Any CPU
		{F37585FF-72B5-4357-BCAB-100576A7B95E}.Debug|Any CPU.Build.0 = Debug|Any CPU
		{F37585FF-72B5-4357-BCAB-100576A7B95E}.Release|Any CPU.ActiveCfg = Release|Any CPU
		{F37585FF-72B5-4357-BCAB-100576A7B95E}.Release|Any CPU.Build.0 = Release|Any CPU
		{384F9E73-64E9-4E41-9E33-07B323EC67C3}.Debug|Any CPU.ActiveCfg = Debug|Any CPU
		{384F9E73-64E9-4E41-9E33-07B323EC67C3}.Debug|Any CPU.Build.0 = Debug|Any CPU
		{384F9E73-64E9-4E41-9E33-07B323EC67C3}.Release|Any CPU.ActiveCfg = Release|Any CPU
		{384F9E73-64E9-4E41-9E33-07B323EC67C3}.Release|Any CPU.Build.0 = Release|Any CPU
		{CBDBA592-0A00-4DE9-8BB4-9AE95AD08612}.Debug|Any CPU.ActiveCfg = Debug|Any CPU
		{CBDBA592-0A00-4DE9-8BB4-9AE95AD08612}.Debug|Any CPU.Build.0 = Debug|Any CPU
		{CBDBA592-0A00-4DE9-8BB4-9AE95AD08612}.Release|Any CPU.ActiveCfg = Release|Any CPU
		{CBDBA592-0A00-4DE9-8BB4-9AE95AD08612}.Release|Any CPU.Build.0 = Release|Any CPU
		{62050C04-E090-44D7-8A93-3F854B9D6347}.Debug|Any CPU.ActiveCfg = Debug|Any CPU
		{62050C04-E090-44D7-8A93-3F854B9D6347}.Debug|Any CPU.Build.0 = Debug|Any CPU
		{62050C04-E090-44D7-8A93-3F854B9D6347}.Release|Any CPU.ActiveCfg = Release|Any CPU
		{62050C04-E090-44D7-8A93-3F854B9D6347}.Release|Any CPU.Build.0 = Release|Any CPU
		{6CBDF3F6-B4BC-49F1-9375-B91AD3A4709B}.Debug|Any CPU.ActiveCfg = Debug|Any CPU
		{6CBDF3F6-B4BC-49F1-9375-B91AD3A4709B}.Debug|Any CPU.Build.0 = Debug|Any CPU
		{6CBDF3F6-B4BC-49F1-9375-B91AD3A4709B}.Release|Any CPU.ActiveCfg = Release|Any CPU
		{6CBDF3F6-B4BC-49F1-9375-B91AD3A4709B}.Release|Any CPU.Build.0 = Release|Any CPU
		{9E55A110-5DB8-493E-A67C-F9F83A4802DF}.Debug|Any CPU.ActiveCfg = Debug|Any CPU
		{9E55A110-5DB8-493E-A67C-F9F83A4802DF}.Debug|Any CPU.Build.0 = Debug|Any CPU
		{9E55A110-5DB8-493E-A67C-F9F83A4802DF}.Release|Any CPU.ActiveCfg = Release|Any CPU
		{9E55A110-5DB8-493E-A67C-F9F83A4802DF}.Release|Any CPU.Build.0 = Release|Any CPU
	EndGlobalSection
	GlobalSection(SolutionProperties) = preSolution
		HideSolutionNode = FALSE
	EndGlobalSection
	GlobalSection(ExtensibilityGlobals) = postSolution
		SolutionGuid = {CA2CDCBA-BB21-4241-A36F-F9B39788343F}
	EndGlobalSection
EndGlobal
