
Microsoft Visual Studio Solution File, Format Version 12.00
# Visual Studio 15
VisualStudioVersion = 15.0.28307.168
MinimumVisualStudioVersion = 10.0.40219.1
Project("{FAE04EC0-301F-11D3-BF4B-00C04F79EFBC}") = "Chapter04-WritingFunctions", "Chapter04-WritingFunctions\Chapter04-WritingFunctions.csproj", "{4D2F2E45-38C2-4CD5-BB42-968D38155AFA}"
EndProject
Global
	GlobalSection(SolutionConfigurationPlatforms) = preSolution
		Debug|Any CPU = Debug|Any CPU
		Release|Any CPU = Release|Any CPU
	EndGlobalSection
	GlobalSection(ProjectConfigurationPlatforms) = postSolution
		{4D2F2E45-38C2-4CD5-BB42-968D38155AFA}.Debug|Any CPU.ActiveCfg = Debug|Any CPU
		{4D2F2E45-38C2-4CD5-BB42-968D38155AFA}.Debug|Any CPU.Build.0 = Debug|Any CPU
		{4D2F2E45-38C2-4CD5-BB42-968D38155AFA}.Release|Any CPU.ActiveCfg = Release|Any CPU
		{4D2F2E45-38C2-4CD5-BB42-968D38155AFA}.Release|Any CPU.Build.0 = Release|Any CPU
	EndGlobalSection
	GlobalSection(SolutionProperties) = preSolution
		HideSolutionNode = FALSE
	EndGlobalSection
	GlobalSection(ExtensibilityGlobals) = postSolution
		SolutionGuid = {39087D13-746B-4F99-A607-FFBA1ECF6EF0}
	EndGlobalSection
EndGlobal
